
Microsoft Visual Studio Solution File, Format Version 12.00
# Visual Studio Version 17
VisualStudioVersion = 17.4.33213.308
MinimumVisualStudioVersion = 10.0.40219.1
Project("{FAE04EC0-301F-11D3-BF4B-00C04F79EFBC}") = "Yatzee", "Yatzee\Yatzee.csproj", "{42D00E5A-FA27-440A-B3E9-2FF84C332F33}"
EndProject
Global
	GlobalSection(SolutionConfigurationPlatforms) = preSolution
		Debug|Any CPU = Debug|Any CPU
		Release|Any CPU = Release|Any CPU
	EndGlobalSection
	GlobalSection(ProjectConfigurationPlatforms) = postSolution
		{42D00E5A-FA27-440A-B3E9-2FF84C332F33}.Debug|Any CPU.ActiveCfg = Debug|Any CPU
		{42D00E5A-FA27-440A-B3E9-2FF84C332F33}.Debug|Any CPU.Build.0 = Debug|Any CPU
		{42D00E5A-FA27-440A-B3E9-2FF84C332F33}.Release|Any CPU.ActiveCfg = Release|Any CPU
		{42D00E5A-FA27-440A-B3E9-2FF84C332F33}.Release|Any CPU.Build.0 = Release|Any CPU
	EndGlobalSection
	GlobalSection(SolutionProperties) = preSolution
		HideSolutionNode = FALSE
	EndGlobalSection
	GlobalSection(ExtensibilityGlobals) = postSolution
		SolutionGuid = {54BD9DF3-B103-44EA-A635-13AD0D25AF90}
	EndGlobalSection
EndGlobal
